
Microsoft Visual Studio Solution File, Format Version 12.00
# Visual Studio 15
VisualStudioVersion = 15.0.28307.329
MinimumVisualStudioVersion = 10.0.40219.1
Project("{9A19103F-16F7-4668-BE54-9A1E7A4F7556}") = "pipelines-dotnet-core", "pipelines-dotnet-core.csproj", "{B46FD0BD-AF30-448F-B4F8-3A0FBD0B3815}"
EndProject
Global
	GlobalSection(SolutionConfigurationPlatforms) = preSolution
		Debug|Any CPU = Debug|Any CPU
		Release|Any CPU = Release|Any CPU
	EndGlobalSection
	GlobalSection(ProjectConfigurationPlatforms) = postSolution
		{B46FD0BD-AF30-448F-B4F8-3A0FBD0B3815}.Debug|Any CPU.ActiveCfg = Debug|Any CPU
		{B46FD0BD-AF30-448F-B4F8-3A0FBD0B3815}.Debug|Any CPU.Build.0 = Debug|Any CPU
		{B46FD0BD-AF30-448F-B4F8-3A0FBD0B3815}.Release|Any CPU.ActiveCfg = Release|Any CPU
		{B46FD0BD-AF30-448F-B4F8-3A0FBD0B3815}.Release|Any CPU.Build.0 = Release|Any CPU
	EndGlobalSection
	GlobalSection(SolutionProperties) = preSolution
		HideSolutionNode = FALSE
	EndGlobalSection
	GlobalSection(ExtensibilityGlobals) = postSolution
		SolutionGuid = {1C1722E3-681D-4826-9B4F-13BF522F6EFD}
	EndGlobalSection
EndGlobal
